
Microsoft Visual Studio Solution File, Format Version 12.00
# Visual Studio Version 17
VisualStudioVersion = 17.3.32929.385
MinimumVisualStudioVersion = 10.0.40219.1
Project("{9A19103F-16F7-4668-BE54-9A1E7A4F7556}") = "administracionCliente_Api", "administracionCliente_Api\administracionCliente_Api.csproj", "{17E80BFD-13B2-4F0B-B95B-C272603C310B}"
EndProject
Global
	GlobalSection(SolutionConfigurationPlatforms) = preSolution
		Debug|Any CPU = Debug|Any CPU
		Release|Any CPU = Release|Any CPU
	EndGlobalSection
	GlobalSection(ProjectConfigurationPlatforms) = postSolution
		{17E80BFD-13B2-4F0B-B95B-C272603C310B}.Debug|Any CPU.ActiveCfg = Debug|Any CPU
		{17E80BFD-13B2-4F0B-B95B-C272603C310B}.Debug|Any CPU.Build.0 = Debug|Any CPU
		{17E80BFD-13B2-4F0B-B95B-C272603C310B}.Release|Any CPU.ActiveCfg = Release|Any CPU
		{17E80BFD-13B2-4F0B-B95B-C272603C310B}.Release|Any CPU.Build.0 = Release|Any CPU
	EndGlobalSection
	GlobalSection(SolutionProperties) = preSolution
		HideSolutionNode = FALSE
	EndGlobalSection
	GlobalSection(ExtensibilityGlobals) = postSolution
		SolutionGuid = {83FC8376-FA94-4C20-8A64-70BD20D2ECC0}
	EndGlobalSection
EndGlobal
